// !$*UTF8*$!
{
	archiveVersion = 1;
	classes = {
	};
	objectVersion = 51;
	objects = {

/* Begin PBXBuildFile section */
		63BBB3F3240426600024EC48 /* AppDelegate.swift in Sources */ = {isa = PBXBuildFile; fileRef = 63BBB3F2240426600024EC48 /* AppDelegate.swift */; };
		63BBB3F5240426600024EC48 /* SceneDelegate.swift in Sources */ = {isa = PBXBuildFile; fileRef = 63BBB3F4240426600024EC48 /* SceneDelegate.swift */; };
		63BBB3F7240426600024EC48 /* ViewController.swift in Sources */ = {isa = PBXBuildFile; fileRef = 63BBB3F6240426600024EC48 /* ViewController.swift */; };
		63BBB3FA240426600024EC48 /* Main.storyboard in Resources */ = {isa = PBXBuildFile; fileRef = 63BBB3F8240426600024EC48 /* Main.storyboard */; };
		63BBB3FC240426650024EC48 /* Assets.xcassets in Resources */ = {isa = PBXBuildFile; fileRef = 63BBB3FB240426650024EC48 /* Assets.xcassets */; };
		63BBB3FF240426650024EC48 /* LaunchScreen.storyboard in Resources */ = {isa = PBXBuildFile; fileRef = 63BBB3FD240426650024EC48 /* LaunchScreen.storyboard */; };
		63BBB40A240426650024EC48 /* MultiAPITests.swift in Sources */ = {isa = PBXBuildFile; fileRef = 63BBB409240426650024EC48 /* MultiAPITests.swift */; };
		63BBB415240426650024EC48 /* MultiAPIUITests.swift in Sources */ = {isa = PBXBuildFile; fileRef = 63BBB414240426650024EC48 /* MultiAPIUITests.swift */; };
		8B3979A316519E1C50B74D04 /* Pods_MultiAPI_MultiAPIUITests.framework in Frameworks */ = {isa = PBXBuildFile; fileRef = 826F72CFBAF00EE9017D627C /* Pods_MultiAPI_MultiAPIUITests.framework */; };
		A677F499E41517E2060F6400 /* Pods_MultiAPITests.framework in Frameworks */ = {isa = PBXBuildFile; fileRef = E36CE3054A1368562F1A532A /* Pods_MultiAPITests.framework */; };
		C6AE1A5E2405A0C600910BB9 /* Restaurant.swift in Sources */ = {isa = PBXBuildFile; fileRef = C6AE1A5D2405A0C600910BB9 /* Restaurant.swift */; };
		C6AE1A602405A1D700910BB9 /* Weather.swift in Sources */ = {isa = PBXBuildFile; fileRef = C6AE1A5F2405A1D700910BB9 /* Weather.swift */; };
		C6AE1A622405A3DF00910BB9 /* Photo.swift in Sources */ = {isa = PBXBuildFile; fileRef = C6AE1A612405A3DF00910BB9 /* Photo.swift */; };
		FBEE717CDC19505BB0E7B1AB /* Pods_MultiAPI.framework in Frameworks */ = {isa = PBXBuildFile; fileRef = E8C6B461B06CE613163A772F /* Pods_MultiAPI.framework */; };
/* End PBXBuildFile section */

/* Begin PBXContainerItemProxy section */
		63BBB406240426650024EC48 /* PBXContainerItemProxy */ = {
			isa = PBXContainerItemProxy;
			containerPortal = 63BBB3E7240426600024EC48 /* Project object */;
			proxyType = 1;
			remoteGlobalIDString = 63BBB3EE240426600024EC48;
			remoteInfo = MultiAPI;
		};
		63BBB411240426650024EC48 /* PBXContainerItemProxy */ = {
			isa = PBXContainerItemProxy;
			containerPortal = 63BBB3E7240426600024EC48 /* Project object */;
			proxyType = 1;
			remoteGlobalIDString = 63BBB3EE240426600024EC48;
			remoteInfo = MultiAPI;
		};
/* End PBXContainerItemProxy section */

/* Begin PBXFileReference section */
		2BB0CF632CF042A9C60603EC /* Pods-MultiAPITests.release.xcconfig */ = {isa = PBXFileReference; includeInIndex = 1; lastKnownFileType = text.xcconfig; name = "Pods-MultiAPITests.release.xcconfig"; path = "Target Support Files/Pods-MultiAPITests/Pods-MultiAPITests.release.xcconfig"; sourceTree = "<group>"; };
		4E485F0063B813CE95083F80 /* Pods-MultiAPITests.debug.xcconfig */ = {isa = PBXFileReference; includeInIndex = 1; lastKnownFileType = text.xcconfig; name = "Pods-MultiAPITests.debug.xcconfig"; path = "Target Support Files/Pods-MultiAPITests/Pods-MultiAPITests.debug.xcconfig"; sourceTree = "<group>"; };
		587A3099EA8E05630AF9DB15 /* Pods-MultiAPI-MultiAPIUITests.debug.xcconfig */ = {isa = PBXFileReference; includeInIndex = 1; lastKnownFileType = text.xcconfig; name = "Pods-MultiAPI-MultiAPIUITests.debug.xcconfig"; path = "Target Support Files/Pods-MultiAPI-MultiAPIUITests/Pods-MultiAPI-MultiAPIUITests.debug.xcconfig"; sourceTree = "<group>"; };
		5D924F823D50959BC1DB5825 /* Pods-MultiAPI.release.xcconfig */ = {isa = PBXFileReference; includeInIndex = 1; lastKnownFileType = text.xcconfig; name = "Pods-MultiAPI.release.xcconfig"; path = "Target Support Files/Pods-MultiAPI/Pods-MultiAPI.release.xcconfig"; sourceTree = "<group>"; };
		63BBB3EF240426600024EC48 /* MultiAPI.app */ = {isa = PBXFileReference; explicitFileType = wrapper.application; includeInIndex = 0; path = MultiAPI.app; sourceTree = BUILT_PRODUCTS_DIR; };
		63BBB3F2240426600024EC48 /* AppDelegate.swift */ = {isa = PBXFileReference; lastKnownFileType = sourcecode.swift; path = AppDelegate.swift; sourceTree = "<group>"; };
		63BBB3F4240426600024EC48 /* SceneDelegate.swift */ = {isa = PBXFileReference; lastKnownFileType = sourcecode.swift; path = SceneDelegate.swift; sourceTree = "<group>"; };
		63BBB3F6240426600024EC48 /* ViewController.swift */ = {isa = PBXFileReference; lastKnownFileType = sourcecode.swift; path = ViewController.swift; sourceTree = "<group>"; };
		63BBB3F9240426600024EC48 /* Base */ = {isa = PBXFileReference; lastKnownFileType = file.storyboard; name = Base; path = Base.lproj/Main.storyboard; sourceTree = "<group>"; };
		63BBB3FB240426650024EC48 /* Assets.xcassets */ = {isa = PBXFileReference; lastKnownFileType = folder.assetcatalog; path = Assets.xcassets; sourceTree = "<group>"; };
		63BBB3FE240426650024EC48 /* Base */ = {isa = PBXFileReference; lastKnownFileType = file.storyboard; name = Base; path = Base.lproj/LaunchScreen.storyboard; sourceTree = "<group>"; };
		63BBB400240426650024EC48 /* Info.plist */ = {isa = PBXFileReference; lastKnownFileType = text.plist.xml; path = Info.plist; sourceTree = "<group>"; };
		63BBB405240426650024EC48 /* MultiAPITests.xctest */ = {isa = PBXFileReference; explicitFileType = wrapper.cfbundle; includeInIndex = 0; path = MultiAPITests.xctest; sourceTree = BUILT_PRODUCTS_DIR; };
		63BBB409240426650024EC48 /* MultiAPITests.swift */ = {isa = PBXFileReference; lastKnownFileType = sourcecode.swift; path = MultiAPITests.swift; sourceTree = "<group>"; };
		63BBB40B240426650024EC48 /* Info.plist */ = {isa = PBXFileReference; lastKnownFileType = text.plist.xml; path = Info.plist; sourceTree = "<group>"; };
		63BBB410240426650024EC48 /* MultiAPIUITests.xctest */ = {isa = PBXFileReference; explicitFileType = wrapper.cfbundle; includeInIndex = 0; path = MultiAPIUITests.xctest; sourceTree = BUILT_PRODUCTS_DIR; };
		63BBB414240426650024EC48 /* MultiAPIUITests.swift */ = {isa = PBXFileReference; lastKnownFileType = sourcecode.swift; path = MultiAPIUITests.swift; sourceTree = "<group>"; };
		63BBB416240426650024EC48 /* Info.plist */ = {isa = PBXFileReference; lastKnownFileType = text.plist.xml; path = Info.plist; sourceTree = "<group>"; };
		826F72CFBAF00EE9017D627C /* Pods_MultiAPI_MultiAPIUITests.framework */ = {isa = PBXFileReference; explicitFileType = wrapper.framework; includeInIndex = 0; path = Pods_MultiAPI_MultiAPIUITests.framework; sourceTree = BUILT_PRODUCTS_DIR; };
		8CE7A7A8720B67D948CE5B8A /* Pods-MultiAPI.debug.xcconfig */ = {isa = PBXFileReference; includeInIndex = 1; lastKnownFileType = text.xcconfig; name = "Pods-MultiAPI.debug.xcconfig"; path = "Target Support Files/Pods-MultiAPI/Pods-MultiAPI.debug.xcconfig"; sourceTree = "<group>"; };
		C6AE1A5D2405A0C600910BB9 /* Restaurant.swift */ = {isa = PBXFileReference; lastKnownFileType = sourcecode.swift; name = Restaurant.swift; path = MultiAPI/Restaurant.swift; sourceTree = SOURCE_ROOT; };
		C6AE1A5F2405A1D700910BB9 /* Weather.swift */ = {isa = PBXFileReference; lastKnownFileType = sourcecode.swift; name = Weather.swift; path = MultiAPI/Weather.swift; sourceTree = SOURCE_ROOT; };
		C6AE1A612405A3DF00910BB9 /* Photo.swift */ = {isa = PBXFileReference; lastKnownFileType = sourcecode.swift; name = Photo.swift; path = MultiAPI/Photo.swift; sourceTree = SOURCE_ROOT; };
		E36CE3054A1368562F1A532A /* Pods_MultiAPITests.framework */ = {isa = PBXFileReference; explicitFileType = wrapper.framework; includeInIndex = 0; path = Pods_MultiAPITests.framework; sourceTree = BUILT_PRODUCTS_DIR; };
		E8C6B461B06CE613163A772F /* Pods_MultiAPI.framework */ = {isa = PBXFileReference; explicitFileType = wrapper.framework; includeInIndex = 0; path = Pods_MultiAPI.framework; sourceTree = BUILT_PRODUCTS_DIR; };
		FAB01AE22E99E0D5B6ABC80B /* Pods-MultiAPI-MultiAPIUITests.release.xcconfig */ = {isa = PBXFileReference; includeInIndex = 1; lastKnownFileType = text.xcconfig; name = "Pods-MultiAPI-MultiAPIUITests.release.xcconfig"; path = "Target Support Files/Pods-MultiAPI-MultiAPIUITests/Pods-MultiAPI-MultiAPIUITests.release.xcconfig"; sourceTree = "<group>"; };
/* End PBXFileReference section */

/* Begin PBXFrameworksBuildPhase section */
		63BBB3EC240426600024EC48 /* Frameworks */ = {
			isa = PBXFrameworksBuildPhase;
			buildActionMask = 2147483647;
			files = (
				FBEE717CDC19505BB0E7B1AB /* Pods_MultiAPI.framework in Frameworks */,
			);
			runOnlyForDeploymentPostprocessing = 0;
		};
		63BBB402240426650024EC48 /* Frameworks */ = {
			isa = PBXFrameworksBuildPhase;
			buildActionMask = 2147483647;
			files = (
				A677F499E41517E2060F6400 /* Pods_MultiAPITests.framework in Frameworks */,
			);
			runOnlyForDeploymentPostprocessing = 0;
		};
		63BBB40D240426650024EC48 /* Frameworks */ = {
			isa = PBXFrameworksBuildPhase;
			buildActionMask = 2147483647;
			files = (
				8B3979A316519E1C50B74D04 /* Pods_MultiAPI_MultiAPIUITests.framework in Frameworks */,
			);
			runOnlyForDeploymentPostprocessing = 0;
		};
/* End PBXFrameworksBuildPhase section */

/* Begin PBXGroup section */
		3F5835E3AA3DEB907B6CEF29 /* Pods */ = {
			isa = PBXGroup;
			children = (
				8CE7A7A8720B67D948CE5B8A /* Pods-MultiAPI.debug.xcconfig */,
				5D924F823D50959BC1DB5825 /* Pods-MultiAPI.release.xcconfig */,
				587A3099EA8E05630AF9DB15 /* Pods-MultiAPI-MultiAPIUITests.debug.xcconfig */,
				FAB01AE22E99E0D5B6ABC80B /* Pods-MultiAPI-MultiAPIUITests.release.xcconfig */,
				4E485F0063B813CE95083F80 /* Pods-MultiAPITests.debug.xcconfig */,
				2BB0CF632CF042A9C60603EC /* Pods-MultiAPITests.release.xcconfig */,
			);
			path = Pods;
			sourceTree = "<group>";
		};
		63BBB3E6240426600024EC48 = {
			isa = PBXGroup;
			children = (
				63BBB3F1240426600024EC48 /* MultiAPI */,
				63BBB408240426650024EC48 /* MultiAPITests */,
				63BBB413240426650024EC48 /* MultiAPIUITests */,
				63BBB3F0240426600024EC48 /* Products */,
				3F5835E3AA3DEB907B6CEF29 /* Pods */,
				BC6DC280CF2A77E2B441660C /* Frameworks */,
			);
			sourceTree = "<group>";
		};
		63BBB3F0240426600024EC48 /* Products */ = {
			isa = PBXGroup;
			children = (
				63BBB3EF240426600024EC48 /* MultiAPI.app */,
				63BBB405240426650024EC48 /* MultiAPITests.xctest */,
				63BBB410240426650024EC48 /* MultiAPIUITests.xctest */,
			);
			name = Products;
			sourceTree = "<group>";
		};
		63BBB3F1240426600024EC48 /* MultiAPI */ = {
			isa = PBXGroup;
			children = (
				63BBB425240429190024EC48 /* View */,
				63BBB424240429140024EC48 /* Model */,
				63BBB423240429050024EC48 /* Controller */,
				63BBB3F2240426600024EC48 /* AppDelegate.swift */,
				63BBB3F4240426600024EC48 /* SceneDelegate.swift */,
				63BBB3F8240426600024EC48 /* Main.storyboard */,
				63BBB3FB240426650024EC48 /* Assets.xcassets */,
				63BBB3FD240426650024EC48 /* LaunchScreen.storyboard */,
				63BBB400240426650024EC48 /* Info.plist */,
			);
			path = MultiAPI;
			sourceTree = "<group>";
		};
		63BBB408240426650024EC48 /* MultiAPITests */ = {
			isa = PBXGroup;
			children = (
				63BBB409240426650024EC48 /* MultiAPITests.swift */,
				63BBB40B240426650024EC48 /* Info.plist */,
			);
			path = MultiAPITests;
			sourceTree = "<group>";
		};
		63BBB413240426650024EC48 /* MultiAPIUITests */ = {
			isa = PBXGroup;
			children = (
				63BBB414240426650024EC48 /* MultiAPIUITests.swift */,
				63BBB416240426650024EC48 /* Info.plist */,
			);
			path = MultiAPIUITests;
			sourceTree = "<group>";
		};
		63BBB423240429050024EC48 /* Controller */ = {
			isa = PBXGroup;
			children = (
				63BBB3F6240426600024EC48 /* ViewController.swift */,
			);
			path = Controller;
			sourceTree = "<group>";
		};
		63BBB424240429140024EC48 /* Model */ = {
			isa = PBXGroup;
			children = (
				C6AE1A5D2405A0C600910BB9 /* Restaurant.swift */,
				C6AE1A5F2405A1D700910BB9 /* Weather.swift */,
				C6AE1A612405A3DF00910BB9 /* Photo.swift */,
			);
			path = Model;
			sourceTree = "<group>";
		};
		63BBB425240429190024EC48 /* View */ = {
			isa = PBXGroup;
			children = (
			);
			path = View;
			sourceTree = "<group>";
		};
		BC6DC280CF2A77E2B441660C /* Frameworks */ = {
			isa = PBXGroup;
			children = (
				E8C6B461B06CE613163A772F /* Pods_MultiAPI.framework */,
				826F72CFBAF00EE9017D627C /* Pods_MultiAPI_MultiAPIUITests.framework */,
				E36CE3054A1368562F1A532A /* Pods_MultiAPITests.framework */,
			);
			name = Frameworks;
			sourceTree = "<group>";
		};
/* End PBXGroup section */

/* Begin PBXNativeTarget section */
		63BBB3EE240426600024EC48 /* MultiAPI */ = {
			isa = PBXNativeTarget;
			buildConfigurationList = 63BBB419240426650024EC48 /* Build configuration list for PBXNativeTarget "MultiAPI" */;
			buildPhases = (
				FF2122A60735CFFB7820A08F /* [CP] Check Pods Manifest.lock */,
				63BBB3EB240426600024EC48 /* Sources */,
				63BBB3EC240426600024EC48 /* Frameworks */,
				63BBB3ED240426600024EC48 /* Resources */,
				A93A012D1688EF5F14A8BA0C /* [CP] Embed Pods Frameworks */,
			);
			buildRules = (
			);
			dependencies = (
			);
			name = MultiAPI;
			productName = MultiAPI;
			productReference = 63BBB3EF240426600024EC48 /* MultiAPI.app */;
			productType = "com.apple.product-type.application";
		};
		63BBB404240426650024EC48 /* MultiAPITests */ = {
			isa = PBXNativeTarget;
			buildConfigurationList = 63BBB41C240426650024EC48 /* Build configuration list for PBXNativeTarget "MultiAPITests" */;
			buildPhases = (
				18AAE50170EE3370A4A42D69 /* [CP] Check Pods Manifest.lock */,
				63BBB401240426650024EC48 /* Sources */,
				63BBB402240426650024EC48 /* Frameworks */,
				63BBB403240426650024EC48 /* Resources */,
			);
			buildRules = (
			);
			dependencies = (
				63BBB407240426650024EC48 /* PBXTargetDependency */,
			);
			name = MultiAPITests;
			productName = MultiAPITests;
			productReference = 63BBB405240426650024EC48 /* MultiAPITests.xctest */;
			productType = "com.apple.product-type.bundle.unit-test";
		};
		63BBB40F240426650024EC48 /* MultiAPIUITests */ = {
			isa = PBXNativeTarget;
			buildConfigurationList = 63BBB41F240426650024EC48 /* Build configuration list for PBXNativeTarget "MultiAPIUITests" */;
			buildPhases = (
				ABBE7DF25E0C3843794F2D08 /* [CP] Check Pods Manifest.lock */,
				63BBB40C240426650024EC48 /* Sources */,
				63BBB40D240426650024EC48 /* Frameworks */,
				63BBB40E240426650024EC48 /* Resources */,
				AA788D6731B458E632F2635F /* [CP] Embed Pods Frameworks */,
			);
			buildRules = (
			);
			dependencies = (
				63BBB412240426650024EC48 /* PBXTargetDependency */,
			);
			name = MultiAPIUITests;
			productName = MultiAPIUITests;
			productReference = 63BBB410240426650024EC48 /* MultiAPIUITests.xctest */;
			productType = "com.apple.product-type.bundle.ui-testing";
		};
/* End PBXNativeTarget section */

/* Begin PBXProject section */
		63BBB3E7240426600024EC48 /* Project object */ = {
			isa = PBXProject;
			attributes = {
				LastSwiftUpdateCheck = 1130;
				LastUpgradeCheck = 1130;
				TargetAttributes = {
					63BBB3EE240426600024EC48 = {
						CreatedOnToolsVersion = 11.3.1;
					};
					63BBB404240426650024EC48 = {
						CreatedOnToolsVersion = 11.3.1;
						TestTargetID = 63BBB3EE240426600024EC48;
					};
					63BBB40F240426650024EC48 = {
						CreatedOnToolsVersion = 11.3.1;
						TestTargetID = 63BBB3EE240426600024EC48;
					};
				};
			};
			buildConfigurationList = 63BBB3EA240426600024EC48 /* Build configuration list for PBXProject "MultiAPI" */;
			compatibilityVersion = "Xcode 9.3";
			developmentRegion = en;
			hasScannedForEncodings = 0;
			knownRegions = (
				en,
				Base,
			);
			mainGroup = 63BBB3E6240426600024EC48;
			productRefGroup = 63BBB3F0240426600024EC48 /* Products */;
			projectDirPath = "";
			projectRoot = "";
			targets = (
				63BBB3EE240426600024EC48 /* MultiAPI */,
				63BBB404240426650024EC48 /* MultiAPITests */,
				63BBB40F240426650024EC48 /* MultiAPIUITests */,
			);
		};
/* End PBXProject section */

/* Begin PBXResourcesBuildPhase section */
		63BBB3ED240426600024EC48 /* Resources */ = {
			isa = PBXResourcesBuildPhase;
			buildActionMask = 2147483647;
			files = (
				63BBB3FF240426650024EC48 /* LaunchScreen.storyboard in Resources */,
				63BBB3FC240426650024EC48 /* Assets.xcassets in Resources */,
				63BBB3FA240426600024EC48 /* Main.storyboard in Resources */,
			);
			runOnlyForDeploymentPostprocessing = 0;
		};
		63BBB403240426650024EC48 /* Resources */ = {
			isa = PBXResourcesBuildPhase;
			buildActionMask = 2147483647;
			files = (
			);
			runOnlyForDeploymentPostprocessing = 0;
		};
		63BBB40E240426650024EC48 /* Resources */ = {
			isa = PBXResourcesBuildPhase;
			buildActionMask = 2147483647;
			files = (
			);
			runOnlyForDeploymentPostprocessing = 0;
		};
/* End PBXResourcesBuildPhase section */

/* Begin PBXShellScriptBuildPhase section */
		18AAE50170EE3370A4A42D69 /* [CP] Check Pods Manifest.lock */ = {
			isa = PBXShellScriptBuildPhase;
			buildActionMask = 2147483647;
			files = (
			);
			inputFileListPaths = (
			);
			inputPaths = (
				"${PODS_PODFILE_DIR_PATH}/Podfile.lock",
				"${PODS_ROOT}/Manifest.lock",
			);
			name = "[CP] Check Pods Manifest.lock";
			outputFileListPaths = (
			);
			outputPaths = (
				"$(DERIVED_FILE_DIR)/Pods-MultiAPITests-checkManifestLockResult.txt",
			);
			runOnlyForDeploymentPostprocessing = 0;
			shellPath = /bin/sh;
			shellScript = "diff \"${PODS_PODFILE_DIR_PATH}/Podfile.lock\" \"${PODS_ROOT}/Manifest.lock\" > /dev/null\nif [ $? != 0 ] ; then\n    # print error to STDERR\n    echo \"error: The sandbox is not in sync with the Podfile.lock. Run 'pod install' or update your CocoaPods installation.\" >&2\n    exit 1\nfi\n# This output is used by Xcode 'outputs' to avoid re-running this script phase.\necho \"SUCCESS\" > \"${SCRIPT_OUTPUT_FILE_0}\"\n";
			showEnvVarsInLog = 0;
		};
		A93A012D1688EF5F14A8BA0C /* [CP] Embed Pods Frameworks */ = {
			isa = PBXShellScriptBuildPhase;
			buildActionMask = 2147483647;
			files = (
			);
			inputFileListPaths = (
				"${PODS_ROOT}/Target Support Files/Pods-MultiAPI/Pods-MultiAPI-frameworks-${CONFIGURATION}-input-files.xcfilelist",
			);
			name = "[CP] Embed Pods Frameworks";
			outputFileListPaths = (
				"${PODS_ROOT}/Target Support Files/Pods-MultiAPI/Pods-MultiAPI-frameworks-${CONFIGURATION}-output-files.xcfilelist",
			);
			runOnlyForDeploymentPostprocessing = 0;
			shellPath = /bin/sh;
			shellScript = "\"${PODS_ROOT}/Target Support Files/Pods-MultiAPI/Pods-MultiAPI-frameworks.sh\"\n";
			showEnvVarsInLog = 0;
		};
		AA788D6731B458E632F2635F /* [CP] Embed Pods Frameworks */ = {
			isa = PBXShellScriptBuildPhase;
			buildActionMask = 2147483647;
			files = (
			);
			inputFileListPaths = (
				"${PODS_ROOT}/Target Support Files/Pods-MultiAPI-MultiAPIUITests/Pods-MultiAPI-MultiAPIUITests-frameworks-${CONFIGURATION}-input-files.xcfilelist",
			);
			name = "[CP] Embed Pods Frameworks";
			outputFileListPaths = (
				"${PODS_ROOT}/Target Support Files/Pods-MultiAPI-MultiAPIUITests/Pods-MultiAPI-MultiAPIUITests-frameworks-${CONFIGURATION}-output-files.xcfilelist",
			);
			runOnlyForDeploymentPostprocessing = 0;
			shellPath = /bin/sh;
			shellScript = "\"${PODS_ROOT}/Target Support Files/Pods-MultiAPI-MultiAPIUITests/Pods-MultiAPI-MultiAPIUITests-frameworks.sh\"\n";
			showEnvVarsInLog = 0;
		};
		ABBE7DF25E0C3843794F2D08 /* [CP] Check Pods Manifest.lock */ = {
			isa = PBXShellScriptBuildPhase;
			buildActionMask = 2147483647;
			files = (
			);
			inputFileListPaths = (
			);
			inputPaths = (
				"${PODS_PODFILE_DIR_PATH}/Podfile.lock",
				"${PODS_ROOT}/Manifest.lock",
			);
			name = "[CP] Check Pods Manifest.lock";
			outputFileListPaths = (
			);
			outputPaths = (
				"$(DERIVED_FILE_DIR)/Pods-MultiAPI-MultiAPIUITests-checkManifestLockResult.txt",
			);
			runOnlyForDeploymentPostprocessing = 0;
			shellPath = /bin/sh;
			shellScript = "diff \"${PODS_PODFILE_DIR_PATH}/Podfile.lock\" \"${PODS_ROOT}/Manifest.lock\" > /dev/null\nif [ $? != 0 ] ; then\n    # print error to STDERR\n    echo \"error: The sandbox is not in sync with the Podfile.lock. Run 'pod install' or update your CocoaPods installation.\" >&2\n    exit 1\nfi\n# This output is used by Xcode 'outputs' to avoid re-running this script phase.\necho \"SUCCESS\" > \"${SCRIPT_OUTPUT_FILE_0}\"\n";
			showEnvVarsInLog = 0;
		};
		FF2122A60735CFFB7820A08F /* [CP] Check Pods Manifest.lock */ = {
			isa = PBXShellScriptBuildPhase;
			buildActionMask = 2147483647;
			files = (
			);
			inputFileListPaths = (
			);
			inputPaths = (
				"${PODS_PODFILE_DIR_PATH}/Podfile.lock",
				"${PODS_ROOT}/Manifest.lock",
			);
			name = "[CP] Check Pods Manifest.lock";
			outputFileListPaths = (
			);
			outputPaths = (
				"$(DERIVED_FILE_DIR)/Pods-MultiAPI-checkManifestLockResult.txt",
			);
			runOnlyForDeploymentPostprocessing = 0;
			shellPath = /bin/sh;
			shellScript = "diff \"${PODS_PODFILE_DIR_PATH}/Podfile.lock\" \"${PODS_ROOT}/Manifest.lock\" > /dev/null\nif [ $? != 0 ] ; then\n    # print error to STDERR\n    echo \"error: The sandbox is not in sync with the Podfile.lock. Run 'pod install' or update your CocoaPods installation.\" >&2\n    exit 1\nfi\n# This output is used by Xcode 'outputs' to avoid re-running this script phase.\necho \"SUCCESS\" > \"${SCRIPT_OUTPUT_FILE_0}\"\n";
			showEnvVarsInLog = 0;
		};
/* End PBXShellScriptBuildPhase section */

/* Begin PBXSourcesBuildPhase section */
		63BBB3EB240426600024EC48 /* Sources */ = {
			isa = PBXSourcesBuildPhase;
			buildActionMask = 2147483647;
			files = (
				C6AE1A622405A3DF00910BB9 /* Photo.swift in Sources */,
				C6AE1A5E2405A0C600910BB9 /* Restaurant.swift in Sources */,
				63BBB3F7240426600024EC48 /* ViewController.swift in Sources */,
				63BBB3F3240426600024EC48 /* AppDelegate.swift in Sources */,
				63BBB3F5240426600024EC48 /* SceneDelegate.swift in Sources */,
				C6AE1A602405A1D700910BB9 /* Weather.swift in Sources */,
			);
			runOnlyForDeploymentPostprocessing = 0;
		};
		63BBB401240426650024EC48 /* Sources */ = {
			isa = PBXSourcesBuildPhase;
			buildActionMask = 2147483647;
			files = (
				63BBB40A240426650024EC48 /* MultiAPITests.swift in Sources */,
			);
			runOnlyForDeploymentPostprocessing = 0;
		};
		63BBB40C240426650024EC48 /* Sources */ = {
			isa = PBXSourcesBuildPhase;
			buildActionMask = 2147483647;
			files = (
				63BBB415240426650024EC48 /* MultiAPIUITests.swift in Sources */,
			);
			runOnlyForDeploymentPostprocessing = 0;
		};
/* End PBXSourcesBuildPhase section */

/* Begin PBXTargetDependency section */
		63BBB407240426650024EC48 /* PBXTargetDependency */ = {
			isa = PBXTargetDependency;
			target = 63BBB3EE240426600024EC48 /* MultiAPI */;
			targetProxy = 63BBB406240426650024EC48 /* PBXContainerItemProxy */;
		};
		63BBB412240426650024EC48 /* PBXTargetDependency */ = {
			isa = PBXTargetDependency;
			target = 63BBB3EE240426600024EC48 /* MultiAPI */;
			targetProxy = 63BBB411240426650024EC48 /* PBXContainerItemProxy */;
		};
/* End PBXTargetDependency section */

/* Begin PBXVariantGroup section */
		63BBB3F8240426600024EC48 /* Main.storyboard */ = {
			isa = PBXVariantGroup;
			children = (
				63BBB3F9240426600024EC48 /* Base */,
			);
			name = Main.storyboard;
			sourceTree = "<group>";
		};
		63BBB3FD240426650024EC48 /* LaunchScreen.storyboard */ = {
			isa = PBXVariantGroup;
			children = (
				63BBB3FE240426650024EC48 /* Base */,
			);
			name = LaunchScreen.storyboard;
			sourceTree = "<group>";
		};
/* End PBXVariantGroup section */

/* Begin XCBuildConfiguration section */
		63BBB417240426650024EC48 /* Debug */ = {
			isa = XCBuildConfiguration;
			buildSettings = {
				ALWAYS_SEARCH_USER_PATHS = NO;
				CLANG_ANALYZER_NONNULL = YES;
				CLANG_ANALYZER_NUMBER_OBJECT_CONVERSION = YES_AGGRESSIVE;
				CLANG_CXX_LANGUAGE_STANDARD = "gnu++14";
				CLANG_CXX_LIBRARY = "libc++";
				CLANG_ENABLE_MODULES = YES;
				CLANG_ENABLE_OBJC_ARC = YES;
				CLANG_ENABLE_OBJC_WEAK = YES;
				CLANG_WARN_BLOCK_CAPTURE_AUTORELEASING = YES;
				CLANG_WARN_BOOL_CONVERSION = YES;
				CLANG_WARN_COMMA = YES;
				CLANG_WARN_CONSTANT_CONVERSION = YES;
				CLANG_WARN_DEPRECATED_OBJC_IMPLEMENTATIONS = YES;
				CLANG_WARN_DIRECT_OBJC_ISA_USAGE = YES_ERROR;
				CLANG_WARN_DOCUMENTATION_COMMENTS = YES;
				CLANG_WARN_EMPTY_BODY = YES;
				CLANG_WARN_ENUM_CONVERSION = YES;
				CLANG_WARN_INFINITE_RECURSION = YES;
				CLANG_WARN_INT_CONVERSION = YES;
				CLANG_WARN_NON_LITERAL_NULL_CONVERSION = YES;
				CLANG_WARN_OBJC_IMPLICIT_RETAIN_SELF = YES;
				CLANG_WARN_OBJC_LITERAL_CONVERSION = YES;
				CLANG_WARN_OBJC_ROOT_CLASS = YES_ERROR;
				CLANG_WARN_RANGE_LOOP_ANALYSIS = YES;
				CLANG_WARN_STRICT_PROTOTYPES = YES;
				CLANG_WARN_SUSPICIOUS_MOVE = YES;
				CLANG_WARN_UNGUARDED_AVAILABILITY = YES_AGGRESSIVE;
				CLANG_WARN_UNREACHABLE_CODE = YES;
				CLANG_WARN__DUPLICATE_METHOD_MATCH = YES;
				COPY_PHASE_STRIP = NO;
				DEBUG_INFORMATION_FORMAT = dwarf;
				ENABLE_STRICT_OBJC_MSGSEND = YES;
				ENABLE_TESTABILITY = YES;
				GCC_C_LANGUAGE_STANDARD = gnu11;
				GCC_DYNAMIC_NO_PIC = NO;
				GCC_NO_COMMON_BLOCKS = YES;
				GCC_OPTIMIZATION_LEVEL = 0;
				GCC_PREPROCESSOR_DEFINITIONS = (
					"DEBUG=1",
					"$(inherited)",
				);
				GCC_WARN_64_TO_32_BIT_CONVERSION = YES;
				GCC_WARN_ABOUT_RETURN_TYPE = YES_ERROR;
				GCC_WARN_UNDECLARED_SELECTOR = YES;
				GCC_WARN_UNINITIALIZED_AUTOS = YES_AGGRESSIVE;
				GCC_WARN_UNUSED_FUNCTION = YES;
				GCC_WARN_UNUSED_VARIABLE = YES;
				IPHONEOS_DEPLOYMENT_TARGET = 13.2;
				MTL_ENABLE_DEBUG_INFO = INCLUDE_SOURCE;
				MTL_FAST_MATH = YES;
				ONLY_ACTIVE_ARCH = YES;
				SDKROOT = iphoneos;
				SWIFT_ACTIVE_COMPILATION_CONDITIONS = DEBUG;
				SWIFT_OPTIMIZATION_LEVEL = "-Onone";
			};
			name = Debug;
		};
		63BBB418240426650024EC48 /* Release */ = {
			isa = XCBuildConfiguration;
			buildSettings = {
				ALWAYS_SEARCH_USER_PATHS = NO;
				CLANG_ANALYZER_NONNULL = YES;
				CLANG_ANALYZER_NUMBER_OBJECT_CONVERSION = YES_AGGRESSIVE;
				CLANG_CXX_LANGUAGE_STANDARD = "gnu++14";
				CLANG_CXX_LIBRARY = "libc++";
				CLANG_ENABLE_MODULES = YES;
				CLANG_ENABLE_OBJC_ARC = YES;
				CLANG_ENABLE_OBJC_WEAK = YES;
				CLANG_WARN_BLOCK_CAPTURE_AUTORELEASING = YES;
				CLANG_WARN_BOOL_CONVERSION = YES;
				CLANG_WARN_COMMA = YES;
				CLANG_WARN_CONSTANT_CONVERSION = YES;
				CLANG_WARN_DEPRECATED_OBJC_IMPLEMENTATIONS = YES;
				CLANG_WARN_DIRECT_OBJC_ISA_USAGE = YES_ERROR;
				CLANG_WARN_DOCUMENTATION_COMMENTS = YES;
				CLANG_WARN_EMPTY_BODY = YES;
				CLANG_WARN_ENUM_CONVERSION = YES;
				CLANG_WARN_INFINITE_RECURSION = YES;
				CLANG_WARN_INT_CONVERSION = YES;
				CLANG_WARN_NON_LITERAL_NULL_CONVERSION = YES;
				CLANG_WARN_OBJC_IMPLICIT_RETAIN_SELF = YES;
				CLANG_WARN_OBJC_LITERAL_CONVERSION = YES;
				CLANG_WARN_OBJC_ROOT_CLASS = YES_ERROR;
				CLANG_WARN_RANGE_LOOP_ANALYSIS = YES;
				CLANG_WARN_STRICT_PROTOTYPES = YES;
				CLANG_WARN_SUSPICIOUS_MOVE = YES;
				CLANG_WARN_UNGUARDED_AVAILABILITY = YES_AGGRESSIVE;
				CLANG_WARN_UNREACHABLE_CODE = YES;
				CLANG_WARN__DUPLICATE_METHOD_MATCH = YES;
				COPY_PHASE_STRIP = NO;
				DEBUG_INFORMATION_FORMAT = "dwarf-with-dsym";
				ENABLE_NS_ASSERTIONS = NO;
				ENABLE_STRICT_OBJC_MSGSEND = YES;
				GCC_C_LANGUAGE_STANDARD = gnu11;
				GCC_NO_COMMON_BLOCKS = YES;
				GCC_WARN_64_TO_32_BIT_CONVERSION = YES;
				GCC_WARN_ABOUT_RETURN_TYPE = YES_ERROR;
				GCC_WARN_UNDECLARED_SELECTOR = YES;
				GCC_WARN_UNINITIALIZED_AUTOS = YES_AGGRESSIVE;
				GCC_WARN_UNUSED_FUNCTION = YES;
				GCC_WARN_UNUSED_VARIABLE = YES;
				IPHONEOS_DEPLOYMENT_TARGET = 13.2;
				MTL_ENABLE_DEBUG_INFO = NO;
				MTL_FAST_MATH = YES;
				SDKROOT = iphoneos;
				SWIFT_COMPILATION_MODE = wholemodule;
				SWIFT_OPTIMIZATION_LEVEL = "-O";
				VALIDATE_PRODUCT = YES;
			};
			name = Release;
		};
		63BBB41A240426650024EC48 /* Debug */ = {
			isa = XCBuildConfiguration;
			baseConfigurationReference = 8CE7A7A8720B67D948CE5B8A /* Pods-MultiAPI.debug.xcconfig */;
			buildSettings = {
				ASSETCATALOG_COMPILER_APPICON_NAME = AppIcon;
				CODE_SIGN_STYLE = Automatic;
				INFOPLIST_FILE = MultiAPI/Info.plist;
				LD_RUNPATH_SEARCH_PATHS = (
					"$(inherited)",
					"@executable_path/Frameworks",
				);
				PRODUCT_BUNDLE_IDENTIFIER = com.qta.MultiAPI;
				PRODUCT_NAME = "$(TARGET_NAME)";
				SWIFT_VERSION = 5.0;
				TARGETED_DEVICE_FAMILY = "1,2";
			};
			name = Debug;
		};
		63BBB41B240426650024EC48 /* Release */ = {
			isa = XCBuildConfiguration;
			baseConfigurationReference = 5D924F823D50959BC1DB5825 /* Pods-MultiAPI.release.xcconfig */;
			buildSettings = {
				ASSETCATALOG_COMPILER_APPICON_NAME = AppIcon;
				CODE_SIGN_STYLE = Automatic;
				INFOPLIST_FILE = MultiAPI/Info.plist;
				LD_RUNPATH_SEARCH_PATHS = (
					"$(inherited)",
					"@executable_path/Frameworks",
				);
				PRODUCT_BUNDLE_IDENTIFIER = com.qta.MultiAPI;
				PRODUCT_NAME = "$(TARGET_NAME)";
				SWIFT_VERSION = 5.0;
				TARGETED_DEVICE_FAMILY = "1,2";
			};
			name = Release;
		};
		63BBB41D240426650024EC48 /* Debug */ = {
			isa = XCBuildConfiguration;
			baseConfigurationReference = 4E485F0063B813CE95083F80 /* Pods-MultiAPITests.debug.xcconfig */;
			buildSettings = {
				ALWAYS_EMBED_SWIFT_STANDARD_LIBRARIES = YES;
				BUNDLE_LOADER = "$(TEST_HOST)";
				CODE_SIGN_STYLE = Automatic;
				INFOPLIST_FILE = MultiAPITests/Info.plist;
				IPHONEOS_DEPLOYMENT_TARGET = 13.2;
				LD_RUNPATH_SEARCH_PATHS = (
					"$(inherited)",
					"@executable_path/Frameworks",
					"@loader_path/Frameworks",
				);
				PRODUCT_BUNDLE_IDENTIFIER = com.qta.MultiAPITests;
				PRODUCT_NAME = "$(TARGET_NAME)";
				SWIFT_VERSION = 5.0;
				TARGETED_DEVICE_FAMILY = "1,2";
				TEST_HOST = "$(BUILT_PRODUCTS_DIR)/MultiAPI.app/MultiAPI";
			};
			name = Debug;
		};
		63BBB41E240426650024EC48 /* Release */ = {
			isa = XCBuildConfiguration;
			baseConfigurationReference = 2BB0CF632CF042A9C60603EC /* Pods-MultiAPITests.release.xcconfig */;
			buildSettings = {
				ALWAYS_EMBED_SWIFT_STANDARD_LIBRARIES = YES;
				BUNDLE_LOADER = "$(TEST_HOST)";
				CODE_SIGN_STYLE = Automatic;
				INFOPLIST_FILE = MultiAPITests/Info.plist;
				IPHONEOS_DEPLOYMENT_TARGET = 13.2;
				LD_RUNPATH_SEARCH_PATHS = (
					"$(inherited)",
					"@executable_path/Frameworks",
					"@loader_path/Frameworks",
				);
				PRODUCT_BUNDLE_IDENTIFIER = com.qta.MultiAPITests;
				PRODUCT_NAME = "$(TARGET_NAME)";
				SWIFT_VERSION = 5.0;
				TARGETED_DEVICE_FAMILY = "1,2";
				TEST_HOST = "$(BUILT_PRODUCTS_DIR)/MultiAPI.app/MultiAPI";
			};
			name = Release;
		};
		63BBB420240426650024EC48 /* Debug */ = {
			isa = XCBuildConfiguration;
			baseConfigurationReference = 587A3099EA8E05630AF9DB15 /* Pods-MultiAPI-MultiAPIUITests.debug.xcconfig */;
			buildSettings = {
				ALWAYS_EMBED_SWIFT_STANDARD_LIBRARIES = YES;
				CODE_SIGN_STYLE = Automatic;
				INFOPLIST_FILE = MultiAPIUITests/Info.plist;
				LD_RUNPATH_SEARCH_PATHS = (
					"$(inherited)",
					"@executable_path/Frameworks",
					"@loader_path/Frameworks",
				);
				PRODUCT_BUNDLE_IDENTIFIER = com.qta.MultiAPIUITests;
				PRODUCT_NAME = "$(TARGET_NAME)";
				SWIFT_VERSION = 5.0;
				TARGETED_DEVICE_FAMILY = "1,2";
				TEST_TARGET_NAME = MultiAPI;
			};
			name = Debug;
		};
		63BBB421240426650024EC48 /* Release */ = {
			isa = XCBuildConfiguration;
			baseConfigurationReference = FAB01AE22E99E0D5B6ABC80B /* Pods-MultiAPI-MultiAPIUITests.release.xcconfig */;
			buildSettings = {
				ALWAYS_EMBED_SWIFT_STANDARD_LIBRARIES = YES;
				CODE_SIGN_STYLE = Automatic;
				INFOPLIST_FILE = MultiAPIUITests/Info.plist;
				LD_RUNPATH_SEARCH_PATHS = (
					"$(inherited)",
					"@executable_path/Frameworks",
					"@loader_path/Frameworks",
				);
				PRODUCT_BUNDLE_IDENTIFIER = com.qta.MultiAPIUITests;
				PRODUCT_NAME = "$(TARGET_NAME)";
				SWIFT_VERSION = 5.0;
				TARGETED_DEVICE_FAMILY = "1,2";
				TEST_TARGET_NAME = MultiAPI;
			};
			name = Release;
		};
/* End XCBuildConfiguration section */

/* Begin XCConfigurationList section */
		63BBB3EA240426600024EC48 /* Build configuration list for PBXProject "MultiAPI" */ = {
			isa = XCConfigurationList;
			buildConfigurations = (
				63BBB417240426650024EC48 /* Debug */,
				63BBB418240426650024EC48 /* Release */,
			);
			defaultConfigurationIsVisible = 0;
			defaultConfigurationName = Release;
		};
		63BBB419240426650024EC48 /* Build configuration list for PBXNativeTarget "MultiAPI" */ = {
			isa = XCConfigurationList;
			buildConfigurations = (
				63BBB41A240426650024EC48 /* Debug */,
				63BBB41B240426650024EC48 /* Release */,
			);
			defaultConfigurationIsVisible = 0;
			defaultConfigurationName = Release;
		};
		63BBB41C240426650024EC48 /* Build configuration list for PBXNativeTarget "MultiAPITests" */ = {
			isa = XCConfigurationList;
			buildConfigurations = (
				63BBB41D240426650024EC48 /* Debug */,
				63BBB41E240426650024EC48 /* Release */,
			);
			defaultConfigurationIsVisible = 0;
			defaultConfigurationName = Release;
		};
		63BBB41F240426650024EC48 /* Build configuration list for PBXNativeTarget "MultiAPIUITests" */ = {
			isa = XCConfigurationList;
			buildConfigurations = (
				63BBB420240426650024EC48 /* Debug */,
				63BBB421240426650024EC48 /* Release */,
			);
			defaultConfigurationIsVisible = 0;
			defaultConfigurationName = Release;
		};
/* End XCConfigurationList section */
	};
	rootObject = 63BBB3E7240426600024EC48 /* Project object */;
}
